
Microsoft Visual Studio Solution File, Format Version 12.00
# Visual Studio Version 16
VisualStudioVersion = 16.0.29009.5
MinimumVisualStudioVersion = 10.0.40219.1
Project("{9A19103F-16F7-4668-BE54-9A1E7A4F7556}") = "Lopla.Language", "Lopla.Language\Lopla.Language.csproj", "{8CDACB72-B741-4D78-9236-C44351C41CF8}"
EndProject
Project("{9A19103F-16F7-4668-BE54-9A1E7A4F7556}") = "Lopla.Draw", "Lopla.Draw\Lopla.Draw.csproj", "{73062ADC-B413-4AA8-86FB-E80F9002E17B}"
EndProject
Project("{9A19103F-16F7-4668-BE54-9A1E7A4F7556}") = "Lopla.Libs", "Lopla.Libs\Lopla.Libs.csproj", "{4A156E9C-F40B-49C4-A4C2-EF62459C788F}"
EndProject
Project("{9A19103F-16F7-4668-BE54-9A1E7A4F7556}") = "Lopla.Tests", "Lopla.Tests\Lopla.Tests.csproj", "{C274EC66-A24C-45A8-8D52-6792217D1767}"
EndProject
Project("{2150E333-8FDC-42A3-9474-1A3956D46DE8}") = "Docs", "Docs", "{F5696179-3DF0-4736-ACD9-DEF6D9D3D23C}"
	ProjectSection(SolutionItems) = preProject
		Lopla.Language\Docs\Readme.md = Lopla.Language\Docs\Readme.md
	EndProjectSection
EndProject
Project("{FAE04EC0-301F-11D3-BF4B-00C04F79EFBC}") = "Lopla.Windows", "Lopla.Windows\Lopla.Windows.csproj", "{74BE8B1F-DA6E-48E8-B8FF-9C94AB38B804}"
EndProject
Project("{9A19103F-16F7-4668-BE54-9A1E7A4F7556}") = "Lopla.Console", "Lopla.Console\Lopla.Console.csproj", "{054B2B06-AABC-4496-BC03-5ECB84C96CB8}"
EndProject
Project("{FAE04EC0-301F-11D3-BF4B-00C04F79EFBC}") = "Lopla.Draw.Windows", "Lopla.Draw.Windows\Lopla.Draw.Windows.csproj", "{36D9A8AF-40A1-48F5-9B67-C67A99B7FBD0}"
EndProject
Project("{9A19103F-16F7-4668-BE54-9A1E7A4F7556}") = "Lopla.Starting", "Lopla.Starting\Lopla.Starting.csproj", "{25408658-E8DD-454D-A55F-3BCB1AD14205}"
EndProject
Project("{2150E333-8FDC-42A3-9474-1A3956D46DE8}") = "Applications", "Applications", "{5BD72867-8FEC-4FAD-B297-757A2B9527AD}"
EndProject
Project("{2150E333-8FDC-42A3-9474-1A3956D46DE8}") = "Windows", "Windows", "{6A2160A3-D6EC-4AAC-BAC6-208A390192D2}"
EndProject
Global
	GlobalSection(SolutionConfigurationPlatforms) = preSolution
		Debug|Any CPU = Debug|Any CPU
		Release|Any CPU = Release|Any CPU
		win-x64|Any CPU = win-x64|Any CPU
	EndGlobalSection
	GlobalSection(ProjectConfigurationPlatforms) = postSolution
		{8CDACB72-B741-4D78-9236-C44351C41CF8}.Debug|Any CPU.ActiveCfg = Debug|Any CPU
		{8CDACB72-B741-4D78-9236-C44351C41CF8}.Debug|Any CPU.Build.0 = Debug|Any CPU
		{8CDACB72-B741-4D78-9236-C44351C41CF8}.Release|Any CPU.ActiveCfg = Release|Any CPU
		{8CDACB72-B741-4D78-9236-C44351C41CF8}.Release|Any CPU.Build.0 = Release|Any CPU
		{8CDACB72-B741-4D78-9236-C44351C41CF8}.win-x64|Any CPU.ActiveCfg = Release|Any CPU
		{8CDACB72-B741-4D78-9236-C44351C41CF8}.win-x64|Any CPU.Build.0 = Release|Any CPU
		{73062ADC-B413-4AA8-86FB-E80F9002E17B}.Debug|Any CPU.ActiveCfg = Debug|Any CPU
		{73062ADC-B413-4AA8-86FB-E80F9002E17B}.Debug|Any CPU.Build.0 = Debug|Any CPU
		{73062ADC-B413-4AA8-86FB-E80F9002E17B}.Release|Any CPU.ActiveCfg = Release|Any CPU
		{73062ADC-B413-4AA8-86FB-E80F9002E17B}.Release|Any CPU.Build.0 = Release|Any CPU
		{73062ADC-B413-4AA8-86FB-E80F9002E17B}.win-x64|Any CPU.ActiveCfg = Release|Any CPU
		{73062ADC-B413-4AA8-86FB-E80F9002E17B}.win-x64|Any CPU.Build.0 = Release|Any CPU
		{4A156E9C-F40B-49C4-A4C2-EF62459C788F}.Debug|Any CPU.ActiveCfg = Debug|Any CPU
		{4A156E9C-F40B-49C4-A4C2-EF62459C788F}.Debug|Any CPU.Build.0 = Debug|Any CPU
		{4A156E9C-F40B-49C4-A4C2-EF62459C788F}.Release|Any CPU.ActiveCfg = Release|Any CPU
		{4A156E9C-F40B-49C4-A4C2-EF62459C788F}.Release|Any CPU.Build.0 = Release|Any CPU
		{4A156E9C-F40B-49C4-A4C2-EF62459C788F}.win-x64|Any CPU.ActiveCfg = Release|Any CPU
		{4A156E9C-F40B-49C4-A4C2-EF62459C788F}.win-x64|Any CPU.Build.0 = Release|Any CPU
		{C274EC66-A24C-45A8-8D52-6792217D1767}.Debug|Any CPU.ActiveCfg = Debug|Any CPU
		{C274EC66-A24C-45A8-8D52-6792217D1767}.Debug|Any CPU.Build.0 = Debug|Any CPU
		{C274EC66-A24C-45A8-8D52-6792217D1767}.Release|Any CPU.ActiveCfg = Release|Any CPU
		{C274EC66-A24C-45A8-8D52-6792217D1767}.Release|Any CPU.Build.0 = Release|Any CPU
		{C274EC66-A24C-45A8-8D52-6792217D1767}.win-x64|Any CPU.ActiveCfg = Release|Any CPU
		{C274EC66-A24C-45A8-8D52-6792217D1767}.win-x64|Any CPU.Build.0 = Release|Any CPU
		{74BE8B1F-DA6E-48E8-B8FF-9C94AB38B804}.Debug|Any CPU.ActiveCfg = Debug|Any CPU
		{74BE8B1F-DA6E-48E8-B8FF-9C94AB38B804}.Debug|Any CPU.Build.0 = Debug|Any CPU
		{74BE8B1F-DA6E-48E8-B8FF-9C94AB38B804}.Release|Any CPU.ActiveCfg = Release|Any CPU
		{74BE8B1F-DA6E-48E8-B8FF-9C94AB38B804}.Release|Any CPU.Build.0 = Release|Any CPU
		{74BE8B1F-DA6E-48E8-B8FF-9C94AB38B804}.win-x64|Any CPU.ActiveCfg = Release|Any CPU
		{74BE8B1F-DA6E-48E8-B8FF-9C94AB38B804}.win-x64|Any CPU.Build.0 = Release|Any CPU
		{054B2B06-AABC-4496-BC03-5ECB84C96CB8}.Debug|Any CPU.ActiveCfg = Debug|Any CPU
		{054B2B06-AABC-4496-BC03-5ECB84C96CB8}.Debug|Any CPU.Build.0 = Debug|Any CPU
		{054B2B06-AABC-4496-BC03-5ECB84C96CB8}.Release|Any CPU.ActiveCfg = win-x64|Any CPU
		{054B2B06-AABC-4496-BC03-5ECB84C96CB8}.Release|Any CPU.Build.0 = win-x64|Any CPU
		{054B2B06-AABC-4496-BC03-5ECB84C96CB8}.win-x64|Any CPU.ActiveCfg = win-x64|Any CPU
		{054B2B06-AABC-4496-BC03-5ECB84C96CB8}.win-x64|Any CPU.Build.0 = win-x64|Any CPU
		{36D9A8AF-40A1-48F5-9B67-C67A99B7FBD0}.Debug|Any CPU.ActiveCfg = Debug|Any CPU
		{36D9A8AF-40A1-48F5-9B67-C67A99B7FBD0}.Debug|Any CPU.Build.0 = Debug|Any CPU
		{36D9A8AF-40A1-48F5-9B67-C67A99B7FBD0}.Release|Any CPU.ActiveCfg = Release|Any CPU
		{36D9A8AF-40A1-48F5-9B67-C67A99B7FBD0}.Release|Any CPU.Build.0 = Release|Any CPU
		{36D9A8AF-40A1-48F5-9B67-C67A99B7FBD0}.win-x64|Any CPU.ActiveCfg = Release|Any CPU
		{36D9A8AF-40A1-48F5-9B67-C67A99B7FBD0}.win-x64|Any CPU.Build.0 = Release|Any CPU
		{25408658-E8DD-454D-A55F-3BCB1AD14205}.Debug|Any CPU.ActiveCfg = Debug|Any CPU
		{25408658-E8DD-454D-A55F-3BCB1AD14205}.Debug|Any CPU.Build.0 = Debug|Any CPU
		{25408658-E8DD-454D-A55F-3BCB1AD14205}.Release|Any CPU.ActiveCfg = Release|Any CPU
		{25408658-E8DD-454D-A55F-3BCB1AD14205}.Release|Any CPU.Build.0 = Release|Any CPU
		{25408658-E8DD-454D-A55F-3BCB1AD14205}.win-x64|Any CPU.ActiveCfg = Release|Any CPU
		{25408658-E8DD-454D-A55F-3BCB1AD14205}.win-x64|Any CPU.Build.0 = Release|Any CPU
	EndGlobalSection
	GlobalSection(SolutionProperties) = preSolution
		HideSolutionNode = FALSE
	EndGlobalSection
	GlobalSection(NestedProjects) = preSolution
		{74BE8B1F-DA6E-48E8-B8FF-9C94AB38B804} = {5BD72867-8FEC-4FAD-B297-757A2B9527AD}
		{054B2B06-AABC-4496-BC03-5ECB84C96CB8} = {5BD72867-8FEC-4FAD-B297-757A2B9527AD}
		{36D9A8AF-40A1-48F5-9B67-C67A99B7FBD0} = {6A2160A3-D6EC-4AAC-BAC6-208A390192D2}
		{25408658-E8DD-454D-A55F-3BCB1AD14205} = {5BD72867-8FEC-4FAD-B297-757A2B9527AD}
	EndGlobalSection
	GlobalSection(ExtensibilityGlobals) = postSolution
		SolutionGuid = {3F0FC0A2-DAC7-4A8E-ABDD-5D865875ED9E}
	EndGlobalSection
EndGlobal
